
Microsoft Visual Studio Solution File, Format Version 12.00
# Visual Studio Version 17
VisualStudioVersion = 17.9.34723.18
MinimumVisualStudioVersion = 10.0.40219.1
Project("{FAE04EC0-301F-11D3-BF4B-00C04F79EFBC}") = "Bai1Lab4", "Bai1Lab4\Bai1Lab4.csproj", "{3E8EE458-3D98-419C-951A-97DC0EA21148}"
EndProject
Project("{FAE04EC0-301F-11D3-BF4B-00C04F79EFBC}") = "Bai2Lab4", "Bai2Lab4\Bai2Lab4.csproj", "{86F5321C-D830-4F4E-B6E5-D30AFEFD266C}"
EndProject
Project("{FAE04EC0-301F-11D3-BF4B-00C04F79EFBC}") = "Bai3Lab4", "Bai3Lab4\Bai3Lab4.csproj", "{BE11F520-6049-4151-9E7A-A5035254A4A7}"
EndProject
Project("{FAE04EC0-301F-11D3-BF4B-00C04F79EFBC}") = "Bai4Lab4", "Bai4Lab4\Bai4Lab4.csproj", "{7284D90D-DAA2-4824-8FE0-E8DA1F1E64B7}"
EndProject
Project("{FAE04EC0-301F-11D3-BF4B-00C04F79EFBC}") = "Bai5Lab4", "Bai5Lab4\Bai5Lab4.csproj", "{49BCA711-D3BF-42D9-9371-71575A1E5269}"
EndProject
Project("{FAE04EC0-301F-11D3-BF4B-00C04F79EFBC}") = "Bai6Lab4", "Bai6Lab4\Bai6Lab4.csproj", "{9099DE6F-029A-420F-BEDA-0C05077397A9}"
EndProject
Project("{FAE04EC0-301F-11D3-BF4B-00C04F79EFBC}") = "Bai7Lab4", "Bai7Lab4\Bai7Lab4.csproj", "{AFD639F2-5CD6-4170-8E6B-96CA9C88B428}"
EndProject
Global
	GlobalSection(SolutionConfigurationPlatforms) = preSolution
		Debug|Any CPU = Debug|Any CPU
		Release|Any CPU = Release|Any CPU
	EndGlobalSection
	GlobalSection(ProjectConfigurationPlatforms) = postSolution
		{3E8EE458-3D98-419C-951A-97DC0EA21148}.Debug|Any CPU.ActiveCfg = Debug|Any CPU
		{3E8EE458-3D98-419C-951A-97DC0EA21148}.Debug|Any CPU.Build.0 = Debug|Any CPU
		{3E8EE458-3D98-419C-951A-97DC0EA21148}.Release|Any CPU.ActiveCfg = Release|Any CPU
		{3E8EE458-3D98-419C-951A-97DC0EA21148}.Release|Any CPU.Build.0 = Release|Any CPU
		{86F5321C-D830-4F4E-B6E5-D30AFEFD266C}.Debug|Any CPU.ActiveCfg = Debug|Any CPU
		{86F5321C-D830-4F4E-B6E5-D30AFEFD266C}.Debug|Any CPU.Build.0 = Debug|Any CPU
		{86F5321C-D830-4F4E-B6E5-D30AFEFD266C}.Release|Any CPU.ActiveCfg = Release|Any CPU
		{86F5321C-D830-4F4E-B6E5-D30AFEFD266C}.Release|Any CPU.Build.0 = Release|Any CPU
		{BE11F520-6049-4151-9E7A-A5035254A4A7}.Debug|Any CPU.ActiveCfg = Debug|Any CPU
		{BE11F520-6049-4151-9E7A-A5035254A4A7}.Debug|Any CPU.Build.0 = Debug|Any CPU
		{BE11F520-6049-4151-9E7A-A5035254A4A7}.Release|Any CPU.ActiveCfg = Release|Any CPU
		{BE11F520-6049-4151-9E7A-A5035254A4A7}.Release|Any CPU.Build.0 = Release|Any CPU
		{7284D90D-DAA2-4824-8FE0-E8DA1F1E64B7}.Debug|Any CPU.ActiveCfg = Debug|Any CPU
		{7284D90D-DAA2-4824-8FE0-E8DA1F1E64B7}.Debug|Any CPU.Build.0 = Debug|Any CPU
		{7284D90D-DAA2-4824-8FE0-E8DA1F1E64B7}.Release|Any CPU.ActiveCfg = Release|Any CPU
		{7284D90D-DAA2-4824-8FE0-E8DA1F1E64B7}.Release|Any CPU.Build.0 = Release|Any CPU
		{49BCA711-D3BF-42D9-9371-71575A1E5269}.Debug|Any CPU.ActiveCfg = Debug|Any CPU
		{49BCA711-D3BF-42D9-9371-71575A1E5269}.Debug|Any CPU.Build.0 = Debug|Any CPU
		{49BCA711-D3BF-42D9-9371-71575A1E5269}.Release|Any CPU.ActiveCfg = Release|Any CPU
		{49BCA711-D3BF-42D9-9371-71575A1E5269}.Release|Any CPU.Build.0 = Release|Any CPU
		{9099DE6F-029A-420F-BEDA-0C05077397A9}.Debug|Any CPU.ActiveCfg = Debug|Any CPU
		{9099DE6F-029A-420F-BEDA-0C05077397A9}.Debug|Any CPU.Build.0 = Debug|Any CPU
		{9099DE6F-029A-420F-BEDA-0C05077397A9}.Release|Any CPU.ActiveCfg = Release|Any CPU
		{9099DE6F-029A-420F-BEDA-0C05077397A9}.Release|Any CPU.Build.0 = Release|Any CPU
		{AFD639F2-5CD6-4170-8E6B-96CA9C88B428}.Debug|Any CPU.ActiveCfg = Debug|Any CPU
		{AFD639F2-5CD6-4170-8E6B-96CA9C88B428}.Debug|Any CPU.Build.0 = Debug|Any CPU
		{AFD639F2-5CD6-4170-8E6B-96CA9C88B428}.Release|Any CPU.ActiveCfg = Release|Any CPU
		{AFD639F2-5CD6-4170-8E6B-96CA9C88B428}.Release|Any CPU.Build.0 = Release|Any CPU
	EndGlobalSection
	GlobalSection(SolutionProperties) = preSolution
		HideSolutionNode = FALSE
	EndGlobalSection
	GlobalSection(ExtensibilityGlobals) = postSolution
		SolutionGuid = {4434D2FE-98A1-4BEA-A528-5C157B3A0A18}
	EndGlobalSection
EndGlobal
